Microsoft Visual Studio Solution File, Format Version 12.00
# Visual Studio Version 17
VisualStudioVersion = 17.5.2.0
MinimumVisualStudioVersion = 10.0.40219.1
Project("{FAE04EC0-301F-11D3-BF4B-00C04F79EFBC}") = "TTS2", "TTS2.csproj", "{A38F60B0-6556-75ED-570A-BA7836CABF47}"
EndProject
Global
	GlobalSection(SolutionConfigurationPlatforms) = preSolution
		Debug|Any CPU = Debug|Any CPU
		Release|Any CPU = Release|Any CPU
	EndGlobalSection
	GlobalSection(ProjectConfigurationPlatforms) = postSolution
		{A38F60B0-6556-75ED-570A-BA7836CABF47}.Debug|Any CPU.ActiveCfg = Debug|Any CPU
		{A38F60B0-6556-75ED-570A-BA7836CABF47}.Debug|Any CPU.Build.0 = Debug|Any CPU
		{A38F60B0-6556-75ED-570A-BA7836CABF47}.Release|Any CPU.ActiveCfg = Release|Any CPU
		{A38F60B0-6556-75ED-570A-BA7836CABF47}.Release|Any CPU.Build.0 = Release|Any CPU
	EndGlobalSection
	GlobalSection(SolutionProperties) = preSolution
		HideSolutionNode = FALSE
	EndGlobalSection
	GlobalSection(ExtensibilityGlobals) = postSolution
		SolutionGuid = {5318CB84-A388-4491-A8C9-21A0AA58917C}
	EndGlobalSection
EndGlobal
